
Microsoft Visual Studio Solution File, Format Version 12.00
# Visual Studio Version 17
VisualStudioVersion = 17.9.34622.214
MinimumVisualStudioVersion = 10.0.40219.1
Project("{FAE04EC0-301F-11D3-BF4B-00C04F79EFBC}") = "Module_3", "Module_3\Module_3.csproj", "{EE2B2600-EE30-4AA2-B79C-10004659F9B6}"
EndProject
Global
	GlobalSection(SolutionConfigurationPlatforms) = preSolution
		Debug|Any CPU = Debug|Any CPU
		Release|Any CPU = Release|Any CPU
	EndGlobalSection
	GlobalSection(ProjectConfigurationPlatforms) = postSolution
		{EE2B2600-EE30-4AA2-B79C-10004659F9B6}.Debug|Any CPU.ActiveCfg = Debug|Any CPU
		{EE2B2600-EE30-4AA2-B79C-10004659F9B6}.Debug|Any CPU.Build.0 = Debug|Any CPU
		{EE2B2600-EE30-4AA2-B79C-10004659F9B6}.Release|Any CPU.ActiveCfg = Release|Any CPU
		{EE2B2600-EE30-4AA2-B79C-10004659F9B6}.Release|Any CPU.Build.0 = Release|Any CPU
	EndGlobalSection
	GlobalSection(SolutionProperties) = preSolution
		HideSolutionNode = FALSE
	EndGlobalSection
	GlobalSection(ExtensibilityGlobals) = postSolution
		SolutionGuid = {3F707770-7CC2-442E-8513-7BF83005CB2D}
	EndGlobalSection
EndGlobal
