
Microsoft Visual Studio Solution File, Format Version 12.00
# Visual Studio Version 17
VisualStudioVersion = 17.9.34622.214
MinimumVisualStudioVersion = 10.0.40219.1
Project("{FAE04EC0-301F-11D3-BF4B-00C04F79EFBC}") = "Module_3.Unit_4", "Module_3.Unit_4\Module_3.Unit_4.csproj", "{1353961A-2108-440A-A6B1-3ED19DA808A8}"
EndProject
Global
	GlobalSection(SolutionConfigurationPlatforms) = preSolution
		Debug|Any CPU = Debug|Any CPU
		Release|Any CPU = Release|Any CPU
	EndGlobalSection
	GlobalSection(ProjectConfigurationPlatforms) = postSolution
		{1353961A-2108-440A-A6B1-3ED19DA808A8}.Debug|Any CPU.ActiveCfg = Debug|Any CPU
		{1353961A-2108-440A-A6B1-3ED19DA808A8}.Debug|Any CPU.Build.0 = Debug|Any CPU
		{1353961A-2108-440A-A6B1-3ED19DA808A8}.Release|Any CPU.ActiveCfg = Release|Any CPU
		{1353961A-2108-440A-A6B1-3ED19DA808A8}.Release|Any CPU.Build.0 = Release|Any CPU
	EndGlobalSection
	GlobalSection(SolutionProperties) = preSolution
		HideSolutionNode = FALSE
	EndGlobalSection
	GlobalSection(ExtensibilityGlobals) = postSolution
		SolutionGuid = {10C9BAC6-85D0-40D7-9E14-94678DD74D95}
	EndGlobalSection
EndGlobal
